
Microsoft Visual Studio Solution File, Format Version 12.00
# Visual Studio 2012
Project("{FAE04EC0-301F-11D3-BF4B-00C04F79EFBC}") = "CarpmaUygulamasi", "CarpmaUygulamasi\CarpmaUygulamasi.csproj", "{04B515E2-A104-4A70-9D82-DE7836124D0A}"
EndProject
Global
	GlobalSection(SolutionConfigurationPlatforms) = preSolution
		Debug|Any CPU = Debug|Any CPU
		Release|Any CPU = Release|Any CPU
	EndGlobalSection
	GlobalSection(ProjectConfigurationPlatforms) = postSolution
		{04B515E2-A104-4A70-9D82-DE7836124D0A}.Debug|Any CPU.ActiveCfg = Debug|Any CPU
		{04B515E2-A104-4A70-9D82-DE7836124D0A}.Debug|Any CPU.Build.0 = Debug|Any CPU
		{04B515E2-A104-4A70-9D82-DE7836124D0A}.Release|Any CPU.ActiveCfg = Release|Any CPU
		{04B515E2-A104-4A70-9D82-DE7836124D0A}.Release|Any CPU.Build.0 = Release|Any CPU
	EndGlobalSection
	GlobalSection(SolutionProperties) = preSolution
		HideSolutionNode = FALSE
	EndGlobalSection
EndGlobal
